
Microsoft Visual Studio Solution File, Format Version 12.00
# Visual Studio 15
VisualStudioVersion = 15.0.27130.2010
MinimumVisualStudioVersion = 10.0.40219.1
Project("{FAE04EC0-301F-11D3-BF4B-00C04F79EFBC}") = "DataStructureLearning", "DataStructureLearning\DataStructureLearning.csproj", "{D5713C97-5851-43EA-9858-FE3B5EB5E748}"
EndProject
Project("{FAE04EC0-301F-11D3-BF4B-00C04F79EFBC}") = "LinkedList", "LinkedList\LinkedList.csproj", "{6A529D2F-9EFA-4D9B-B922-2A30E75BD6E4}"
EndProject
Project("{FAE04EC0-301F-11D3-BF4B-00C04F79EFBC}") = "Stack", "Stack\Stack.csproj", "{E34F148F-2C13-4771-809C-01E37BB07FC2}"
EndProject
Project("{FAE04EC0-301F-11D3-BF4B-00C04F79EFBC}") = "TestApp", "TestApp\TestApp.csproj", "{75AE49B2-D5BD-42F5-B09E-C92022D939F8}"
EndProject
Global
	GlobalSection(SolutionConfigurationPlatforms) = preSolution
		Debug|Any CPU = Debug|Any CPU
		Release|Any CPU = Release|Any CPU
	EndGlobalSection
	GlobalSection(ProjectConfigurationPlatforms) = postSolution
		{D5713C97-5851-43EA-9858-FE3B5EB5E748}.Debug|Any CPU.ActiveCfg = Debug|Any CPU
		{D5713C97-5851-43EA-9858-FE3B5EB5E748}.Debug|Any CPU.Build.0 = Debug|Any CPU
		{D5713C97-5851-43EA-9858-FE3B5EB5E748}.Release|Any CPU.ActiveCfg = Release|Any CPU
		{D5713C97-5851-43EA-9858-FE3B5EB5E748}.Release|Any CPU.Build.0 = Release|Any CPU
		{6A529D2F-9EFA-4D9B-B922-2A30E75BD6E4}.Debug|Any CPU.ActiveCfg = Debug|Any CPU
		{6A529D2F-9EFA-4D9B-B922-2A30E75BD6E4}.Debug|Any CPU.Build.0 = Debug|Any CPU
		{6A529D2F-9EFA-4D9B-B922-2A30E75BD6E4}.Release|Any CPU.ActiveCfg = Release|Any CPU
		{6A529D2F-9EFA-4D9B-B922-2A30E75BD6E4}.Release|Any CPU.Build.0 = Release|Any CPU
		{E34F148F-2C13-4771-809C-01E37BB07FC2}.Debug|Any CPU.ActiveCfg = Debug|Any CPU
		{E34F148F-2C13-4771-809C-01E37BB07FC2}.Debug|Any CPU.Build.0 = Debug|Any CPU
		{E34F148F-2C13-4771-809C-01E37BB07FC2}.Release|Any CPU.ActiveCfg = Release|Any CPU
		{E34F148F-2C13-4771-809C-01E37BB07FC2}.Release|Any CPU.Build.0 = Release|Any CPU
		{75AE49B2-D5BD-42F5-B09E-C92022D939F8}.Debug|Any CPU.ActiveCfg = Debug|Any CPU
		{75AE49B2-D5BD-42F5-B09E-C92022D939F8}.Debug|Any CPU.Build.0 = Debug|Any CPU
		{75AE49B2-D5BD-42F5-B09E-C92022D939F8}.Release|Any CPU.ActiveCfg = Release|Any CPU
		{75AE49B2-D5BD-42F5-B09E-C92022D939F8}.Release|Any CPU.Build.0 = Release|Any CPU
	EndGlobalSection
	GlobalSection(SolutionProperties) = preSolution
		HideSolutionNode = FALSE
	EndGlobalSection
	GlobalSection(ExtensibilityGlobals) = postSolution
		SolutionGuid = {CA61613C-67C7-4E0D-BFE2-13FBCC3C8B0D}
	EndGlobalSection
EndGlobal
